
Microsoft Visual Studio Solution File, Format Version 12.00
# Visual Studio Version 17
VisualStudioVersion = 17.5.002.0
MinimumVisualStudioVersion = 10.0.40219.1
Project("{9A19103F-16F7-4668-BE54-9A1E7A4F7556}") = "tl2-tp1-2024-lfcaceres", "tl2-tp1-2024-lfcaceres.csproj", "{145B95C7-D602-4AEE-AFF1-496D018AFFFF}"
EndProject
Global
	GlobalSection(SolutionConfigurationPlatforms) = preSolution
		Debug|Any CPU = Debug|Any CPU
		Release|Any CPU = Release|Any CPU
	EndGlobalSection
	GlobalSection(ProjectConfigurationPlatforms) = postSolution
		{145B95C7-D602-4AEE-AFF1-496D018AFFFF}.Debug|Any CPU.ActiveCfg = Debug|Any CPU
		{145B95C7-D602-4AEE-AFF1-496D018AFFFF}.Debug|Any CPU.Build.0 = Debug|Any CPU
		{145B95C7-D602-4AEE-AFF1-496D018AFFFF}.Release|Any CPU.ActiveCfg = Release|Any CPU
		{145B95C7-D602-4AEE-AFF1-496D018AFFFF}.Release|Any CPU.Build.0 = Release|Any CPU
	EndGlobalSection
	GlobalSection(SolutionProperties) = preSolution
		HideSolutionNode = FALSE
	EndGlobalSection
	GlobalSection(ExtensibilityGlobals) = postSolution
		SolutionGuid = {30F8F174-9B77-4CFB-B757-36E0E33B1901}
	EndGlobalSection
EndGlobal
